
Microsoft Visual Studio Solution File, Format Version 12.00
# Visual Studio 2013
VisualStudioVersion = 12.0.30723.0
MinimumVisualStudioVersion = 10.0.40219.1
Project("{2150E333-8FDC-42A3-9474-1A3956D46DE8}") = "src", "src", "{D5E947EB-03CB-4D04-8937-FF2131BB1F04}"
EndProject
Project("{2150E333-8FDC-42A3-9474-1A3956D46DE8}") = "Core", "Core", "{3F748477-9CDD-485C-A885-1FEC14A24331}"
EndProject
Project("{FAE04EC0-301F-11D3-BF4B-00C04F79EFBC}") = "Microsoft.Data.Domain", "src\Microsoft.Data.Domain\Microsoft.Data.Domain.csproj", "{F1BEAB8D-82D4-4BBB-A5C6-BA0E6872E508}"
EndProject
Project("{2150E333-8FDC-42A3-9474-1A3956D46DE8}") = "Modules", "Modules", "{8C1F84BA-3888-4FC5-A286-506A11C54463}"
EndProject
Project("{FAE04EC0-301F-11D3-BF4B-00C04F79EFBC}") = "Microsoft.Data.Domain.Conventions", "src\Microsoft.Data.Domain.Conventions\Microsoft.Data.Domain.Conventions.csproj", "{5A10C8BB-5CA0-4D41-A731-45CD29A30D34}"
EndProject
Project("{FAE04EC0-301F-11D3-BF4B-00C04F79EFBC}") = "Microsoft.Data.Domain.Security", "src\Microsoft.Data.Domain.Security\Microsoft.Data.Domain.Security.csproj", "{B15A5064-F0D2-480C-A51E-3430A8360827}"
EndProject
Project("{2150E333-8FDC-42A3-9474-1A3956D46DE8}") = "Providers", "Providers", "{0355FEC8-17CF-44B4-9D24-685266A349FB}"
EndProject
Project("{FAE04EC0-301F-11D3-BF4B-00C04F79EFBC}") = "Microsoft.Data.Domain.EntityFramework", "src\Microsoft.Data.Domain.EntityFramework\Microsoft.Data.Domain.EntityFramework.csproj", "{F7EC910E-17CE-4579-84C5-36D3777B3218}"
EndProject
Project("{2150E333-8FDC-42A3-9474-1A3956D46DE8}") = "Publishers", "Publishers", "{432208D4-54DF-453E-96AE-CB7721461030}"
EndProject
Project("{FAE04EC0-301F-11D3-BF4B-00C04F79EFBC}") = "System.Web.OData.Domain", "src\System.Web.OData.Domain\System.Web.OData.Domain.csproj", "{186F667E-54E5-4B57-9998-21D74CB77C24}"
EndProject
Project("{2150E333-8FDC-42A3-9474-1A3956D46DE8}") = "test", "test", "{552DD8A7-2F3A-4D0F-B623-B7D832C6C62B}"
EndProject
Project("{FAE04EC0-301F-11D3-BF4B-00C04F79EFBC}") = "Microsoft.Data.Domain.Tests", "test\Microsoft.Data.Domain.Tests\Microsoft.Data.Domain.Tests.csproj", "{D1F0FA28-73A1-4202-807B-DCAF5FFEDC2F}"
EndProject
Project("{2150E333-8FDC-42A3-9474-1A3956D46DE8}") = "Samples", "Samples", "{E136CA13-ECD1-4565-B183-A48F78570DE3}"
EndProject
Project("{FAE04EC0-301F-11D3-BF4B-00C04F79EFBC}") = "Microsoft.Data.Domain.Samples.Northwind", "src\Microsoft.Data.Domain.Samples.Northwind\Microsoft.Data.Domain.Samples.Northwind.csproj", "{BCE769AD-2D64-4EAD-B83D-1328621CF6E6}"
EndProject
Project("{FAE04EC0-301F-11D3-BF4B-00C04F79EFBC}") = "Microsoft.Data.Domain.Samples.Northwind.Tests", "test\Microsoft.Data.Domain.Samples.Northwind.Tests\Microsoft.Data.Domain.Samples.Northwind.Tests.csproj", "{B10AC223-BB61-4229-A063-353AD5D7E3C6}"
EndProject
Project("{2150E333-8FDC-42A3-9474-1A3956D46DE8}") = "ODataEndToEndTests", "ODataEndToEndTests", "{4AC28EC2-FBCF-44CA-A922-0B257F55DE0D}"
EndProject
Project("{FAE04EC0-301F-11D3-BF4B-00C04F79EFBC}") = "System.Web.OData.Domain.Test.Scenario", "test\ODataEndToEndTests\System.Web.OData.Domain.Pipeline.Test.Scenario\System.Web.OData.Domain.Test.Scenario.csproj", "{C5FDAD47-4449-42FC-904F-C7FEBD0F4DB7}"
EndProject
Project("{FAE04EC0-301F-11D3-BF4B-00C04F79EFBC}") = "System.Web.OData.Domain.Test.Services.Trippin", "test\ODataEndToEndTests\System.Web.OData.Domain.Pipeline.Test.Services.Trippin\System.Web.OData.Domain.Test.Services.Trippin.csproj", "{B379640E-9064-438D-8DA5-6F7B394C2C46}"
EndProject
Global
	GlobalSection(SolutionConfigurationPlatforms) = preSolution
		Debug|Any CPU = Debug|Any CPU
		Release|Any CPU = Release|Any CPU
	EndGlobalSection
	GlobalSection(ProjectConfigurationPlatforms) = postSolution
		{F1BEAB8D-82D4-4BBB-A5C6-BA0E6872E508}.Debug|Any CPU.ActiveCfg = Debug|Any CPU
		{F1BEAB8D-82D4-4BBB-A5C6-BA0E6872E508}.Debug|Any CPU.Build.0 = Debug|Any CPU
		{F1BEAB8D-82D4-4BBB-A5C6-BA0E6872E508}.Release|Any CPU.ActiveCfg = Release|Any CPU
		{F1BEAB8D-82D4-4BBB-A5C6-BA0E6872E508}.Release|Any CPU.Build.0 = Release|Any CPU
		{5A10C8BB-5CA0-4D41-A731-45CD29A30D34}.Debug|Any CPU.ActiveCfg = Debug|Any CPU
		{5A10C8BB-5CA0-4D41-A731-45CD29A30D34}.Debug|Any CPU.Build.0 = Debug|Any CPU
		{5A10C8BB-5CA0-4D41-A731-45CD29A30D34}.Release|Any CPU.ActiveCfg = Release|Any CPU
		{5A10C8BB-5CA0-4D41-A731-45CD29A30D34}.Release|Any CPU.Build.0 = Release|Any CPU
		{B15A5064-F0D2-480C-A51E-3430A8360827}.Debug|Any CPU.ActiveCfg = Debug|Any CPU
		{B15A5064-F0D2-480C-A51E-3430A8360827}.Debug|Any CPU.Build.0 = Debug|Any CPU
		{B15A5064-F0D2-480C-A51E-3430A8360827}.Release|Any CPU.ActiveCfg = Release|Any CPU
		{B15A5064-F0D2-480C-A51E-3430A8360827}.Release|Any CPU.Build.0 = Release|Any CPU
		{F7EC910E-17CE-4579-84C5-36D3777B3218}.Debug|Any CPU.ActiveCfg = Debug|Any CPU
		{F7EC910E-17CE-4579-84C5-36D3777B3218}.Debug|Any CPU.Build.0 = Debug|Any CPU
		{F7EC910E-17CE-4579-84C5-36D3777B3218}.Release|Any CPU.ActiveCfg = Release|Any CPU
		{F7EC910E-17CE-4579-84C5-36D3777B3218}.Release|Any CPU.Build.0 = Release|Any CPU
		{186F667E-54E5-4B57-9998-21D74CB77C24}.Debug|Any CPU.ActiveCfg = Debug|Any CPU
		{186F667E-54E5-4B57-9998-21D74CB77C24}.Debug|Any CPU.Build.0 = Debug|Any CPU
		{186F667E-54E5-4B57-9998-21D74CB77C24}.Release|Any CPU.ActiveCfg = Release|Any CPU
		{186F667E-54E5-4B57-9998-21D74CB77C24}.Release|Any CPU.Build.0 = Release|Any CPU
		{D1F0FA28-73A1-4202-807B-DCAF5FFEDC2F}.Debug|Any CPU.ActiveCfg = Debug|Any CPU
		{D1F0FA28-73A1-4202-807B-DCAF5FFEDC2F}.Debug|Any CPU.Build.0 = Debug|Any CPU
		{D1F0FA28-73A1-4202-807B-DCAF5FFEDC2F}.Release|Any CPU.ActiveCfg = Release|Any CPU
		{D1F0FA28-73A1-4202-807B-DCAF5FFEDC2F}.Release|Any CPU.Build.0 = Release|Any CPU
		{BCE769AD-2D64-4EAD-B83D-1328621CF6E6}.Debug|Any CPU.ActiveCfg = Debug|Any CPU
		{BCE769AD-2D64-4EAD-B83D-1328621CF6E6}.Debug|Any CPU.Build.0 = Debug|Any CPU
		{BCE769AD-2D64-4EAD-B83D-1328621CF6E6}.Release|Any CPU.ActiveCfg = Release|Any CPU
		{BCE769AD-2D64-4EAD-B83D-1328621CF6E6}.Release|Any CPU.Build.0 = Release|Any CPU
		{B10AC223-BB61-4229-A063-353AD5D7E3C6}.Debug|Any CPU.ActiveCfg = Debug|Any CPU
		{B10AC223-BB61-4229-A063-353AD5D7E3C6}.Debug|Any CPU.Build.0 = Debug|Any CPU
		{B10AC223-BB61-4229-A063-353AD5D7E3C6}.Release|Any CPU.ActiveCfg = Release|Any CPU
		{B10AC223-BB61-4229-A063-353AD5D7E3C6}.Release|Any CPU.Build.0 = Release|Any CPU
		{C5FDAD47-4449-42FC-904F-C7FEBD0F4DB7}.Debug|Any CPU.ActiveCfg = Debug|Any CPU
		{C5FDAD47-4449-42FC-904F-C7FEBD0F4DB7}.Debug|Any CPU.Build.0 = Debug|Any CPU
		{C5FDAD47-4449-42FC-904F-C7FEBD0F4DB7}.Release|Any CPU.ActiveCfg = Release|Any CPU
		{C5FDAD47-4449-42FC-904F-C7FEBD0F4DB7}.Release|Any CPU.Build.0 = Release|Any CPU
		{B379640E-9064-438D-8DA5-6F7B394C2C46}.Debug|Any CPU.ActiveCfg = Debug|Any CPU
		{B379640E-9064-438D-8DA5-6F7B394C2C46}.Debug|Any CPU.Build.0 = Debug|Any CPU
		{B379640E-9064-438D-8DA5-6F7B394C2C46}.Release|Any CPU.ActiveCfg = Release|Any CPU
		{B379640E-9064-438D-8DA5-6F7B394C2C46}.Release|Any CPU.Build.0 = Release|Any CPU
	EndGlobalSection
	GlobalSection(SolutionProperties) = preSolution
		HideSolutionNode = FALSE
	EndGlobalSection
	GlobalSection(NestedProjects) = preSolution
		{3F748477-9CDD-485C-A885-1FEC14A24331} = {D5E947EB-03CB-4D04-8937-FF2131BB1F04}
		{8C1F84BA-3888-4FC5-A286-506A11C54463} = {D5E947EB-03CB-4D04-8937-FF2131BB1F04}
		{0355FEC8-17CF-44B4-9D24-685266A349FB} = {D5E947EB-03CB-4D04-8937-FF2131BB1F04}
		{432208D4-54DF-453E-96AE-CB7721461030} = {D5E947EB-03CB-4D04-8937-FF2131BB1F04}
		{E136CA13-ECD1-4565-B183-A48F78570DE3} = {D5E947EB-03CB-4D04-8937-FF2131BB1F04}
		{F1BEAB8D-82D4-4BBB-A5C6-BA0E6872E508} = {3F748477-9CDD-485C-A885-1FEC14A24331}
		{5A10C8BB-5CA0-4D41-A731-45CD29A30D34} = {8C1F84BA-3888-4FC5-A286-506A11C54463}
		{B15A5064-F0D2-480C-A51E-3430A8360827} = {8C1F84BA-3888-4FC5-A286-506A11C54463}
		{F7EC910E-17CE-4579-84C5-36D3777B3218} = {0355FEC8-17CF-44B4-9D24-685266A349FB}
		{186F667E-54E5-4B57-9998-21D74CB77C24} = {432208D4-54DF-453E-96AE-CB7721461030}
		{D1F0FA28-73A1-4202-807B-DCAF5FFEDC2F} = {552DD8A7-2F3A-4D0F-B623-B7D832C6C62B}
		{B10AC223-BB61-4229-A063-353AD5D7E3C6} = {552DD8A7-2F3A-4D0F-B623-B7D832C6C62B}
		{4AC28EC2-FBCF-44CA-A922-0B257F55DE0D} = {552DD8A7-2F3A-4D0F-B623-B7D832C6C62B}
		{BCE769AD-2D64-4EAD-B83D-1328621CF6E6} = {E136CA13-ECD1-4565-B183-A48F78570DE3}
		{C5FDAD47-4449-42FC-904F-C7FEBD0F4DB7} = {4AC28EC2-FBCF-44CA-A922-0B257F55DE0D}
		{B379640E-9064-438D-8DA5-6F7B394C2C46} = {4AC28EC2-FBCF-44CA-A922-0B257F55DE0D}
	EndGlobalSection
EndGlobal
