
Microsoft Visual Studio Solution File, Format Version 12.00
# Visual Studio 14
VisualStudioVersion = 14.0.24720.0
MinimumVisualStudioVersion = 10.0.40219.1
Project("{2150E333-8FDC-42A3-9474-1A3956D46DE8}") = "src", "src", "{D5E947EB-03CB-4D04-8937-FF2131BB1F04}"
EndProject
Project("{2150E333-8FDC-42A3-9474-1A3956D46DE8}") = "Core", "Core", "{3F748477-9CDD-485C-A885-1FEC14A24331}"
EndProject
Project("{FAE04EC0-301F-11D3-BF4B-00C04F79EFBC}") = "Microsoft.Restier.Core", "src\Microsoft.Restier.Core\Microsoft.Restier.Core.csproj", "{F1BEAB8D-82D4-4BBB-A5C6-BA0E6872E508}"
EndProject
Project("{2150E333-8FDC-42A3-9474-1A3956D46DE8}") = "Modules", "Modules", "{8C1F84BA-3888-4FC5-A286-506A11C54463}"
EndProject
Project("{FAE04EC0-301F-11D3-BF4B-00C04F79EFBC}") = "Microsoft.Restier.Security", "src\Microsoft.Restier.Security\Microsoft.Restier.Security.csproj", "{B15A5064-F0D2-480C-A51E-3430A8360827}"
EndProject
Project("{2150E333-8FDC-42A3-9474-1A3956D46DE8}") = "Providers", "Providers", "{0355FEC8-17CF-44B4-9D24-685266A349FB}"
EndProject
Project("{FAE04EC0-301F-11D3-BF4B-00C04F79EFBC}") = "Microsoft.Restier.EntityFramework", "src\Microsoft.Restier.EntityFramework\Microsoft.Restier.EntityFramework.csproj", "{F7EC910E-17CE-4579-84C5-36D3777B3218}"
EndProject
Project("{2150E333-8FDC-42A3-9474-1A3956D46DE8}") = "Publishers", "Publishers", "{432208D4-54DF-453E-96AE-CB7721461030}"
EndProject
Project("{FAE04EC0-301F-11D3-BF4B-00C04F79EFBC}") = "Microsoft.Restier.OData", "src\Microsoft.Restier.WebApi\Microsoft.Restier.OData.csproj", "{186F667E-54E5-4B57-9998-21D74CB77C24}"
EndProject
Project("{2150E333-8FDC-42A3-9474-1A3956D46DE8}") = "test", "test", "{552DD8A7-2F3A-4D0F-B623-B7D832C6C62B}"
EndProject
Project("{FAE04EC0-301F-11D3-BF4B-00C04F79EFBC}") = "Microsoft.Restier.Core.Tests", "test\Microsoft.Restier.Core.Tests\Microsoft.Restier.Core.Tests.csproj", "{D1F0FA28-73A1-4202-807B-DCAF5FFEDC2F}"
EndProject
Project("{2150E333-8FDC-42A3-9474-1A3956D46DE8}") = "EndToEnd", "EndToEnd", "{4AC28EC2-FBCF-44CA-A922-0B257F55DE0D}"
EndProject
Project("{FAE04EC0-301F-11D3-BF4B-00C04F79EFBC}") = "Microsoft.Restier.WebApi.Test", "test\Microsoft.Restier.WebApi.Test\Microsoft.Restier.WebApi.Test.csproj", "{31FE1F5B-7CD8-48F1-9CE3-4E57A0066440}"
EndProject
Project("{FAE04EC0-301F-11D3-BF4B-00C04F79EFBC}") = "Microsoft.Restier.EntityFramework.Tests", "test\Microsoft.Restier.EntityFramework.Tests\Microsoft.Restier.EntityFramework.Tests.csproj", "{04B29D57-8004-45FF-8C41-C49E0F20707C}"
EndProject
Project("{FAE04EC0-301F-11D3-BF4B-00C04F79EFBC}") = "Microsoft.Restier.TestCommon", "test\Microsoft.Restier.TestCommon\Microsoft.Restier.TestCommon.csproj", "{C2CC463B-9F69-401E-89B3-FA1F9A44E253}"
EndProject
Project("{FAE04EC0-301F-11D3-BF4B-00C04F79EFBC}") = "Microsoft.Restier.Samples.Northwind", "test\ODataEndToEndTests\Microsoft.Restier.Samples.Northwind\Microsoft.Restier.Samples.Northwind.csproj", "{BCE769AD-2D64-4EAD-B83D-1328621CF6E6}"
EndProject
Project("{FAE04EC0-301F-11D3-BF4B-00C04F79EFBC}") = "Microsoft.Restier.Samples.Northwind.Tests", "test\ODataEndToEndTests\Microsoft.Restier.Samples.Northwind.Tests\Microsoft.Restier.Samples.Northwind.Tests.csproj", "{B10AC223-BB61-4229-A063-353AD5D7E3C6}"
EndProject
Project("{FAE04EC0-301F-11D3-BF4B-00C04F79EFBC}") = "Microsoft.Restier.WebApi.Test.Scenario", "test\ODataEndToEndTests\Microsoft.Restier.WebApi.Test.Scenario\Microsoft.Restier.WebApi.Test.Scenario.csproj", "{C5FDAD47-4449-42FC-904F-C7FEBD0F4DB7}"
EndProject
Project("{FAE04EC0-301F-11D3-BF4B-00C04F79EFBC}") = "Microsoft.Restier.WebApi.Test.Services.Trippin", "test\ODataEndToEndTests\Microsoft.Restier.WebApi.Test.Services.Trippin\Microsoft.Restier.WebApi.Test.Services.Trippin.csproj", "{B379640E-9064-438D-8DA5-6F7B394C2C46}"
EndProject
Project("{FAE04EC0-301F-11D3-BF4B-00C04F79EFBC}") = "Microsoft.Restier.WebApi.Test.Services.TrippinInMemory", "test\ODataEndToEndTests\Microsoft.Restier.WebApi.Test.Services.TrippinInMemory\Microsoft.Restier.WebApi.Test.Services.TrippinInMemory.csproj", "{B263C1E5-0184-4A1D-B438-8233559FD76B}"
EndProject
Global
	GlobalSection(SolutionConfigurationPlatforms) = preSolution
		Debug|Any CPU = Debug|Any CPU
		Release|Any CPU = Release|Any CPU
	EndGlobalSection
	GlobalSection(ProjectConfigurationPlatforms) = postSolution
		{F1BEAB8D-82D4-4BBB-A5C6-BA0E6872E508}.Debug|Any CPU.ActiveCfg = Debug|Any CPU
		{F1BEAB8D-82D4-4BBB-A5C6-BA0E6872E508}.Debug|Any CPU.Build.0 = Debug|Any CPU
		{F1BEAB8D-82D4-4BBB-A5C6-BA0E6872E508}.Release|Any CPU.ActiveCfg = Release|Any CPU
		{F1BEAB8D-82D4-4BBB-A5C6-BA0E6872E508}.Release|Any CPU.Build.0 = Release|Any CPU
		{B15A5064-F0D2-480C-A51E-3430A8360827}.Debug|Any CPU.ActiveCfg = Debug|Any CPU
		{B15A5064-F0D2-480C-A51E-3430A8360827}.Debug|Any CPU.Build.0 = Debug|Any CPU
		{B15A5064-F0D2-480C-A51E-3430A8360827}.Release|Any CPU.ActiveCfg = Release|Any CPU
		{B15A5064-F0D2-480C-A51E-3430A8360827}.Release|Any CPU.Build.0 = Release|Any CPU
		{F7EC910E-17CE-4579-84C5-36D3777B3218}.Debug|Any CPU.ActiveCfg = Debug|Any CPU
		{F7EC910E-17CE-4579-84C5-36D3777B3218}.Debug|Any CPU.Build.0 = Debug|Any CPU
		{F7EC910E-17CE-4579-84C5-36D3777B3218}.Release|Any CPU.ActiveCfg = Release|Any CPU
		{F7EC910E-17CE-4579-84C5-36D3777B3218}.Release|Any CPU.Build.0 = Release|Any CPU
		{186F667E-54E5-4B57-9998-21D74CB77C24}.Debug|Any CPU.ActiveCfg = Debug|Any CPU
		{186F667E-54E5-4B57-9998-21D74CB77C24}.Debug|Any CPU.Build.0 = Debug|Any CPU
		{186F667E-54E5-4B57-9998-21D74CB77C24}.Release|Any CPU.ActiveCfg = Release|Any CPU
		{186F667E-54E5-4B57-9998-21D74CB77C24}.Release|Any CPU.Build.0 = Release|Any CPU
		{D1F0FA28-73A1-4202-807B-DCAF5FFEDC2F}.Debug|Any CPU.ActiveCfg = Debug|Any CPU
		{D1F0FA28-73A1-4202-807B-DCAF5FFEDC2F}.Debug|Any CPU.Build.0 = Debug|Any CPU
		{D1F0FA28-73A1-4202-807B-DCAF5FFEDC2F}.Release|Any CPU.ActiveCfg = Release|Any CPU
		{D1F0FA28-73A1-4202-807B-DCAF5FFEDC2F}.Release|Any CPU.Build.0 = Release|Any CPU
		{31FE1F5B-7CD8-48F1-9CE3-4E57A0066440}.Debug|Any CPU.ActiveCfg = Debug|Any CPU
		{31FE1F5B-7CD8-48F1-9CE3-4E57A0066440}.Debug|Any CPU.Build.0 = Debug|Any CPU
		{31FE1F5B-7CD8-48F1-9CE3-4E57A0066440}.Release|Any CPU.ActiveCfg = Release|Any CPU
		{31FE1F5B-7CD8-48F1-9CE3-4E57A0066440}.Release|Any CPU.Build.0 = Release|Any CPU
		{04B29D57-8004-45FF-8C41-C49E0F20707C}.Debug|Any CPU.ActiveCfg = Debug|Any CPU
		{04B29D57-8004-45FF-8C41-C49E0F20707C}.Debug|Any CPU.Build.0 = Debug|Any CPU
		{04B29D57-8004-45FF-8C41-C49E0F20707C}.Release|Any CPU.ActiveCfg = Release|Any CPU
		{04B29D57-8004-45FF-8C41-C49E0F20707C}.Release|Any CPU.Build.0 = Release|Any CPU
		{C2CC463B-9F69-401E-89B3-FA1F9A44E253}.Debug|Any CPU.ActiveCfg = Debug|Any CPU
		{C2CC463B-9F69-401E-89B3-FA1F9A44E253}.Debug|Any CPU.Build.0 = Debug|Any CPU
		{C2CC463B-9F69-401E-89B3-FA1F9A44E253}.Release|Any CPU.ActiveCfg = Release|Any CPU
		{C2CC463B-9F69-401E-89B3-FA1F9A44E253}.Release|Any CPU.Build.0 = Release|Any CPU
		{BCE769AD-2D64-4EAD-B83D-1328621CF6E6}.Debug|Any CPU.ActiveCfg = Debug|Any CPU
		{BCE769AD-2D64-4EAD-B83D-1328621CF6E6}.Debug|Any CPU.Build.0 = Debug|Any CPU
		{BCE769AD-2D64-4EAD-B83D-1328621CF6E6}.Release|Any CPU.ActiveCfg = Release|Any CPU
		{BCE769AD-2D64-4EAD-B83D-1328621CF6E6}.Release|Any CPU.Build.0 = Release|Any CPU
		{B10AC223-BB61-4229-A063-353AD5D7E3C6}.Debug|Any CPU.ActiveCfg = Debug|Any CPU
		{B10AC223-BB61-4229-A063-353AD5D7E3C6}.Debug|Any CPU.Build.0 = Debug|Any CPU
		{B10AC223-BB61-4229-A063-353AD5D7E3C6}.Release|Any CPU.ActiveCfg = Release|Any CPU
		{B10AC223-BB61-4229-A063-353AD5D7E3C6}.Release|Any CPU.Build.0 = Release|Any CPU
		{C5FDAD47-4449-42FC-904F-C7FEBD0F4DB7}.Debug|Any CPU.ActiveCfg = Debug|Any CPU
		{C5FDAD47-4449-42FC-904F-C7FEBD0F4DB7}.Debug|Any CPU.Build.0 = Debug|Any CPU
		{C5FDAD47-4449-42FC-904F-C7FEBD0F4DB7}.Release|Any CPU.ActiveCfg = Release|Any CPU
		{C5FDAD47-4449-42FC-904F-C7FEBD0F4DB7}.Release|Any CPU.Build.0 = Release|Any CPU
		{B379640E-9064-438D-8DA5-6F7B394C2C46}.Debug|Any CPU.ActiveCfg = Debug|Any CPU
		{B379640E-9064-438D-8DA5-6F7B394C2C46}.Debug|Any CPU.Build.0 = Debug|Any CPU
		{B379640E-9064-438D-8DA5-6F7B394C2C46}.Release|Any CPU.ActiveCfg = Release|Any CPU
		{B379640E-9064-438D-8DA5-6F7B394C2C46}.Release|Any CPU.Build.0 = Release|Any CPU
		{B263C1E5-0184-4A1D-B438-8233559FD76B}.Debug|Any CPU.ActiveCfg = Debug|Any CPU
		{B263C1E5-0184-4A1D-B438-8233559FD76B}.Debug|Any CPU.Build.0 = Debug|Any CPU
		{B263C1E5-0184-4A1D-B438-8233559FD76B}.Release|Any CPU.ActiveCfg = Release|Any CPU
		{B263C1E5-0184-4A1D-B438-8233559FD76B}.Release|Any CPU.Build.0 = Release|Any CPU
	EndGlobalSection
	GlobalSection(SolutionProperties) = preSolution
		HideSolutionNode = FALSE
	EndGlobalSection
	GlobalSection(NestedProjects) = preSolution
		{3F748477-9CDD-485C-A885-1FEC14A24331} = {D5E947EB-03CB-4D04-8937-FF2131BB1F04}
		{F1BEAB8D-82D4-4BBB-A5C6-BA0E6872E508} = {3F748477-9CDD-485C-A885-1FEC14A24331}
		{8C1F84BA-3888-4FC5-A286-506A11C54463} = {D5E947EB-03CB-4D04-8937-FF2131BB1F04}
		{B15A5064-F0D2-480C-A51E-3430A8360827} = {8C1F84BA-3888-4FC5-A286-506A11C54463}
		{0355FEC8-17CF-44B4-9D24-685266A349FB} = {D5E947EB-03CB-4D04-8937-FF2131BB1F04}
		{F7EC910E-17CE-4579-84C5-36D3777B3218} = {0355FEC8-17CF-44B4-9D24-685266A349FB}
		{432208D4-54DF-453E-96AE-CB7721461030} = {D5E947EB-03CB-4D04-8937-FF2131BB1F04}
		{186F667E-54E5-4B57-9998-21D74CB77C24} = {432208D4-54DF-453E-96AE-CB7721461030}
		{D1F0FA28-73A1-4202-807B-DCAF5FFEDC2F} = {552DD8A7-2F3A-4D0F-B623-B7D832C6C62B}
		{4AC28EC2-FBCF-44CA-A922-0B257F55DE0D} = {552DD8A7-2F3A-4D0F-B623-B7D832C6C62B}
		{31FE1F5B-7CD8-48F1-9CE3-4E57A0066440} = {552DD8A7-2F3A-4D0F-B623-B7D832C6C62B}
		{04B29D57-8004-45FF-8C41-C49E0F20707C} = {552DD8A7-2F3A-4D0F-B623-B7D832C6C62B}
		{C2CC463B-9F69-401E-89B3-FA1F9A44E253} = {552DD8A7-2F3A-4D0F-B623-B7D832C6C62B}
		{BCE769AD-2D64-4EAD-B83D-1328621CF6E6} = {4AC28EC2-FBCF-44CA-A922-0B257F55DE0D}
		{B10AC223-BB61-4229-A063-353AD5D7E3C6} = {4AC28EC2-FBCF-44CA-A922-0B257F55DE0D}
		{C5FDAD47-4449-42FC-904F-C7FEBD0F4DB7} = {4AC28EC2-FBCF-44CA-A922-0B257F55DE0D}
		{B379640E-9064-438D-8DA5-6F7B394C2C46} = {4AC28EC2-FBCF-44CA-A922-0B257F55DE0D}
		{B263C1E5-0184-4A1D-B438-8233559FD76B} = {4AC28EC2-FBCF-44CA-A922-0B257F55DE0D}
	EndGlobalSection
EndGlobal
