
Microsoft Visual Studio Solution File, Format Version 12.00
# Visual Studio 15
VisualStudioVersion = 15.0.26430.14
MinimumVisualStudioVersion = 10.0.40219.1
Project("{2150E333-8FDC-42A3-9474-1A3956D46DE8}") = "src", "src", "{D5E947EB-03CB-4D04-8937-FF2131BB1F04}"
EndProject
Project("{2150E333-8FDC-42A3-9474-1A3956D46DE8}") = "Core", "Core", "{3F748477-9CDD-485C-A885-1FEC14A24331}"
EndProject
Project("{FAE04EC0-301F-11D3-BF4B-00C04F79EFBC}") = "Microsoft.Restier.Core", "src\Microsoft.Restier.Core\Microsoft.Restier.Core.csproj", "{F1BEAB8D-82D4-4BBB-A5C6-BA0E6872E508}"
EndProject
Project("{2150E333-8FDC-42A3-9474-1A3956D46DE8}") = "Modules", "Modules", "{8C1F84BA-3888-4FC5-A286-506A11C54463}"
EndProject
Project("{2150E333-8FDC-42A3-9474-1A3956D46DE8}") = "Providers", "Providers", "{0355FEC8-17CF-44B4-9D24-685266A349FB}"
EndProject
Project("{2150E333-8FDC-42A3-9474-1A3956D46DE8}") = "Publishers", "Publishers", "{432208D4-54DF-453E-96AE-CB7721461030}"
EndProject
Project("{2150E333-8FDC-42A3-9474-1A3956D46DE8}") = "test", "test", "{552DD8A7-2F3A-4D0F-B623-B7D832C6C62B}"
EndProject
Project("{FAE04EC0-301F-11D3-BF4B-00C04F79EFBC}") = "Microsoft.Restier.Core.Tests", "test\Microsoft.Restier.Core.Tests\Microsoft.Restier.Core.Tests.csproj", "{D1F0FA28-73A1-4202-807B-DCAF5FFEDC2F}"
EndProject
Project("{2150E333-8FDC-42A3-9474-1A3956D46DE8}") = "ODataEndToEnd", "ODataEndToEnd", "{4AC28EC2-FBCF-44CA-A922-0B257F55DE0D}"
EndProject
Project("{FAE04EC0-301F-11D3-BF4B-00C04F79EFBC}") = "Microsoft.Restier.TestCommon", "test\Microsoft.Restier.TestCommon\Microsoft.Restier.TestCommon.csproj", "{C2CC463B-9F69-401E-89B3-FA1F9A44E253}"
EndProject
Project("{FAE04EC0-301F-11D3-BF4B-00C04F79EFBC}") = "Microsoft.OData.Service.Sample.Northwind", "test\ODataEndToEnd\Microsoft.OData.Service.Sample.Northwind\Microsoft.OData.Service.Sample.Northwind.csproj", "{BCE769AD-2D64-4EAD-B83D-1328621CF6E6}"
EndProject
Project("{FAE04EC0-301F-11D3-BF4B-00C04F79EFBC}") = "Microsoft.OData.Service.Sample.Northwind.EF7", "test\ODataEndToEnd\Microsoft.OData.Service.Sample.Northwind.EF7\Microsoft.OData.Service.Sample.Northwind.EF7.csproj", "{AF007CEF-19B7-426D-AE97-E7D99ECACBB9}"
EndProject
Project("{FAE04EC0-301F-11D3-BF4B-00C04F79EFBC}") = "Microsoft.OData.Service.Sample.Northwind.EF7.Tests", "test\ODataEndToEnd\Microsoft.OData.Service.Sample.Northwind.EF7.Tests\Microsoft.OData.Service.Sample.Northwind.EF7.Tests.csproj", "{6A88BA5D-50C7-46F3-873B-07040BF16B57}"
EndProject
Project("{FAE04EC0-301F-11D3-BF4B-00C04F79EFBC}") = "Microsoft.OData.Service.Sample.Northwind.Tests", "test\ODataEndToEnd\Microsoft.OData.Service.Sample.Northwind.Tests\Microsoft.OData.Service.Sample.Northwind.Tests.csproj", "{B10AC223-BB61-4229-A063-353AD5D7E3C6}"
EndProject
Project("{FAE04EC0-301F-11D3-BF4B-00C04F79EFBC}") = "Microsoft.OData.Service.Sample.Trippin", "test\ODataEndToEnd\Microsoft.OData.Service.Sample.Trippin\Microsoft.OData.Service.Sample.Trippin.csproj", "{B379640E-9064-438D-8DA5-6F7B394C2C46}"
EndProject
Project("{FAE04EC0-301F-11D3-BF4B-00C04F79EFBC}") = "Microsoft.OData.Service.Sample.TrippinInMemory", "test\ODataEndToEnd\Microsoft.OData.Service.Sample.TrippinInMemory\Microsoft.OData.Service.Sample.TrippinInMemory.csproj", "{B263C1E5-0184-4A1D-B438-8233559FD76B}"
EndProject
Project("{FAE04EC0-301F-11D3-BF4B-00C04F79EFBC}") = "Microsoft.OData.Service.Sample.Tests", "test\ODataEndToEnd\Microsoft.OData.Service.Sample.Tests\Microsoft.OData.Service.Sample.Tests.csproj", "{C5FDAD47-4449-42FC-904F-C7FEBD0F4DB7}"
EndProject
Project("{FAE04EC0-301F-11D3-BF4B-00C04F79EFBC}") = "Microsoft.Restier.Providers.EntityFramework", "src\Microsoft.Restier.Providers.EntityFramework\Microsoft.Restier.Providers.EntityFramework.csproj", "{F7EC910E-17CE-4579-84C5-36D3777B3218}"
EndProject
Project("{FAE04EC0-301F-11D3-BF4B-00C04F79EFBC}") = "Microsoft.Restier.Providers.EntityFramework7", "src\Microsoft.Restier.Providers.EntityFramework7\Microsoft.Restier.Providers.EntityFramework7.csproj", "{D54A765E-4604-4C73-868B-0E0459B3A6B6}"
EndProject
Project("{FAE04EC0-301F-11D3-BF4B-00C04F79EFBC}") = "Microsoft.Restier.Publishers.OData", "src\Microsoft.Restier.Publishers.OData\Microsoft.Restier.Publishers.OData.csproj", "{186F667E-54E5-4B57-9998-21D74CB77C24}"
EndProject
Project("{FAE04EC0-301F-11D3-BF4B-00C04F79EFBC}") = "Microsoft.Restier.Providers.EntityFramework.Tests", "test\Microsoft.Restier.Providers.EntityFramework.Tests\Microsoft.Restier.Providers.EntityFramework.Tests.csproj", "{04B29D57-8004-45FF-8C41-C49E0F20707C}"
EndProject
Project("{FAE04EC0-301F-11D3-BF4B-00C04F79EFBC}") = "Microsoft.Restier.Providers.EntityFramework7.Tests", "test\Microsoft.Restier.Providers.EntityFramework7.Tests\Microsoft.Restier.Providers.EntityFramework7.Tests.csproj", "{16AC1EEC-D79C-49C1-9B85-728CF0079BED}"
EndProject
Project("{FAE04EC0-301F-11D3-BF4B-00C04F79EFBC}") = "Microsoft.Restier.Publishers.OData.Test", "test\Microsoft.Restier.Publishers.OData.Test\Microsoft.Restier.Publishers.OData.Test.csproj", "{31FE1F5B-7CD8-48F1-9CE3-4E57A0066440}"
EndProject
Global
	GlobalSection(SolutionConfigurationPlatforms) = preSolution
		Debug|Any CPU = Debug|Any CPU
		Release|Any CPU = Release|Any CPU
	EndGlobalSection
	GlobalSection(ProjectConfigurationPlatforms) = postSolution
		{F1BEAB8D-82D4-4BBB-A5C6-BA0E6872E508}.Debug|Any CPU.ActiveCfg = Debug|Any CPU
		{F1BEAB8D-82D4-4BBB-A5C6-BA0E6872E508}.Debug|Any CPU.Build.0 = Debug|Any CPU
		{F1BEAB8D-82D4-4BBB-A5C6-BA0E6872E508}.Release|Any CPU.ActiveCfg = Release|Any CPU
		{F1BEAB8D-82D4-4BBB-A5C6-BA0E6872E508}.Release|Any CPU.Build.0 = Release|Any CPU
		{D1F0FA28-73A1-4202-807B-DCAF5FFEDC2F}.Debug|Any CPU.ActiveCfg = Debug|Any CPU
		{D1F0FA28-73A1-4202-807B-DCAF5FFEDC2F}.Debug|Any CPU.Build.0 = Debug|Any CPU
		{D1F0FA28-73A1-4202-807B-DCAF5FFEDC2F}.Release|Any CPU.ActiveCfg = Release|Any CPU
		{D1F0FA28-73A1-4202-807B-DCAF5FFEDC2F}.Release|Any CPU.Build.0 = Release|Any CPU
		{C2CC463B-9F69-401E-89B3-FA1F9A44E253}.Debug|Any CPU.ActiveCfg = Debug|Any CPU
		{C2CC463B-9F69-401E-89B3-FA1F9A44E253}.Debug|Any CPU.Build.0 = Debug|Any CPU
		{C2CC463B-9F69-401E-89B3-FA1F9A44E253}.Release|Any CPU.ActiveCfg = Release|Any CPU
		{C2CC463B-9F69-401E-89B3-FA1F9A44E253}.Release|Any CPU.Build.0 = Release|Any CPU
		{BCE769AD-2D64-4EAD-B83D-1328621CF6E6}.Debug|Any CPU.ActiveCfg = Debug|Any CPU
		{BCE769AD-2D64-4EAD-B83D-1328621CF6E6}.Debug|Any CPU.Build.0 = Debug|Any CPU
		{BCE769AD-2D64-4EAD-B83D-1328621CF6E6}.Release|Any CPU.ActiveCfg = Release|Any CPU
		{BCE769AD-2D64-4EAD-B83D-1328621CF6E6}.Release|Any CPU.Build.0 = Release|Any CPU
		{AF007CEF-19B7-426D-AE97-E7D99ECACBB9}.Debug|Any CPU.ActiveCfg = Debug|Any CPU
		{AF007CEF-19B7-426D-AE97-E7D99ECACBB9}.Debug|Any CPU.Build.0 = Debug|Any CPU
		{AF007CEF-19B7-426D-AE97-E7D99ECACBB9}.Release|Any CPU.ActiveCfg = Release|Any CPU
		{AF007CEF-19B7-426D-AE97-E7D99ECACBB9}.Release|Any CPU.Build.0 = Release|Any CPU
		{6A88BA5D-50C7-46F3-873B-07040BF16B57}.Debug|Any CPU.ActiveCfg = Debug|Any CPU
		{6A88BA5D-50C7-46F3-873B-07040BF16B57}.Debug|Any CPU.Build.0 = Debug|Any CPU
		{6A88BA5D-50C7-46F3-873B-07040BF16B57}.Release|Any CPU.ActiveCfg = Release|Any CPU
		{6A88BA5D-50C7-46F3-873B-07040BF16B57}.Release|Any CPU.Build.0 = Release|Any CPU
		{B10AC223-BB61-4229-A063-353AD5D7E3C6}.Debug|Any CPU.ActiveCfg = Debug|Any CPU
		{B10AC223-BB61-4229-A063-353AD5D7E3C6}.Debug|Any CPU.Build.0 = Debug|Any CPU
		{B10AC223-BB61-4229-A063-353AD5D7E3C6}.Release|Any CPU.ActiveCfg = Release|Any CPU
		{B10AC223-BB61-4229-A063-353AD5D7E3C6}.Release|Any CPU.Build.0 = Release|Any CPU
		{B379640E-9064-438D-8DA5-6F7B394C2C46}.Debug|Any CPU.ActiveCfg = Debug|Any CPU
		{B379640E-9064-438D-8DA5-6F7B394C2C46}.Debug|Any CPU.Build.0 = Debug|Any CPU
		{B379640E-9064-438D-8DA5-6F7B394C2C46}.Release|Any CPU.ActiveCfg = Release|Any CPU
		{B379640E-9064-438D-8DA5-6F7B394C2C46}.Release|Any CPU.Build.0 = Release|Any CPU
		{B263C1E5-0184-4A1D-B438-8233559FD76B}.Debug|Any CPU.ActiveCfg = Debug|Any CPU
		{B263C1E5-0184-4A1D-B438-8233559FD76B}.Debug|Any CPU.Build.0 = Debug|Any CPU
		{B263C1E5-0184-4A1D-B438-8233559FD76B}.Release|Any CPU.ActiveCfg = Release|Any CPU
		{B263C1E5-0184-4A1D-B438-8233559FD76B}.Release|Any CPU.Build.0 = Release|Any CPU
		{C5FDAD47-4449-42FC-904F-C7FEBD0F4DB7}.Debug|Any CPU.ActiveCfg = Debug|Any CPU
		{C5FDAD47-4449-42FC-904F-C7FEBD0F4DB7}.Debug|Any CPU.Build.0 = Debug|Any CPU
		{C5FDAD47-4449-42FC-904F-C7FEBD0F4DB7}.Release|Any CPU.ActiveCfg = Release|Any CPU
		{C5FDAD47-4449-42FC-904F-C7FEBD0F4DB7}.Release|Any CPU.Build.0 = Release|Any CPU
		{F7EC910E-17CE-4579-84C5-36D3777B3218}.Debug|Any CPU.ActiveCfg = Debug|Any CPU
		{F7EC910E-17CE-4579-84C5-36D3777B3218}.Debug|Any CPU.Build.0 = Debug|Any CPU
		{F7EC910E-17CE-4579-84C5-36D3777B3218}.Release|Any CPU.ActiveCfg = Release|Any CPU
		{F7EC910E-17CE-4579-84C5-36D3777B3218}.Release|Any CPU.Build.0 = Release|Any CPU
		{D54A765E-4604-4C73-868B-0E0459B3A6B6}.Debug|Any CPU.ActiveCfg = Debug|Any CPU
		{D54A765E-4604-4C73-868B-0E0459B3A6B6}.Debug|Any CPU.Build.0 = Debug|Any CPU
		{D54A765E-4604-4C73-868B-0E0459B3A6B6}.Release|Any CPU.ActiveCfg = Release|Any CPU
		{D54A765E-4604-4C73-868B-0E0459B3A6B6}.Release|Any CPU.Build.0 = Release|Any CPU
		{186F667E-54E5-4B57-9998-21D74CB77C24}.Debug|Any CPU.ActiveCfg = Debug|Any CPU
		{186F667E-54E5-4B57-9998-21D74CB77C24}.Debug|Any CPU.Build.0 = Debug|Any CPU
		{186F667E-54E5-4B57-9998-21D74CB77C24}.Release|Any CPU.ActiveCfg = Release|Any CPU
		{186F667E-54E5-4B57-9998-21D74CB77C24}.Release|Any CPU.Build.0 = Release|Any CPU
		{04B29D57-8004-45FF-8C41-C49E0F20707C}.Debug|Any CPU.ActiveCfg = Debug|Any CPU
		{04B29D57-8004-45FF-8C41-C49E0F20707C}.Debug|Any CPU.Build.0 = Debug|Any CPU
		{04B29D57-8004-45FF-8C41-C49E0F20707C}.Release|Any CPU.ActiveCfg = Release|Any CPU
		{04B29D57-8004-45FF-8C41-C49E0F20707C}.Release|Any CPU.Build.0 = Release|Any CPU
		{16AC1EEC-D79C-49C1-9B85-728CF0079BED}.Debug|Any CPU.ActiveCfg = Debug|Any CPU
		{16AC1EEC-D79C-49C1-9B85-728CF0079BED}.Debug|Any CPU.Build.0 = Debug|Any CPU
		{16AC1EEC-D79C-49C1-9B85-728CF0079BED}.Release|Any CPU.ActiveCfg = Release|Any CPU
		{16AC1EEC-D79C-49C1-9B85-728CF0079BED}.Release|Any CPU.Build.0 = Release|Any CPU
		{31FE1F5B-7CD8-48F1-9CE3-4E57A0066440}.Debug|Any CPU.ActiveCfg = Debug|Any CPU
		{31FE1F5B-7CD8-48F1-9CE3-4E57A0066440}.Debug|Any CPU.Build.0 = Debug|Any CPU
		{31FE1F5B-7CD8-48F1-9CE3-4E57A0066440}.Release|Any CPU.ActiveCfg = Release|Any CPU
		{31FE1F5B-7CD8-48F1-9CE3-4E57A0066440}.Release|Any CPU.Build.0 = Release|Any CPU
	EndGlobalSection
	GlobalSection(SolutionProperties) = preSolution
		HideSolutionNode = FALSE
	EndGlobalSection
	GlobalSection(NestedProjects) = preSolution
		{3F748477-9CDD-485C-A885-1FEC14A24331} = {D5E947EB-03CB-4D04-8937-FF2131BB1F04}
		{F1BEAB8D-82D4-4BBB-A5C6-BA0E6872E508} = {3F748477-9CDD-485C-A885-1FEC14A24331}
		{8C1F84BA-3888-4FC5-A286-506A11C54463} = {D5E947EB-03CB-4D04-8937-FF2131BB1F04}
		{0355FEC8-17CF-44B4-9D24-685266A349FB} = {D5E947EB-03CB-4D04-8937-FF2131BB1F04}
		{432208D4-54DF-453E-96AE-CB7721461030} = {D5E947EB-03CB-4D04-8937-FF2131BB1F04}
		{D1F0FA28-73A1-4202-807B-DCAF5FFEDC2F} = {552DD8A7-2F3A-4D0F-B623-B7D832C6C62B}
		{4AC28EC2-FBCF-44CA-A922-0B257F55DE0D} = {552DD8A7-2F3A-4D0F-B623-B7D832C6C62B}
		{C2CC463B-9F69-401E-89B3-FA1F9A44E253} = {552DD8A7-2F3A-4D0F-B623-B7D832C6C62B}
		{BCE769AD-2D64-4EAD-B83D-1328621CF6E6} = {4AC28EC2-FBCF-44CA-A922-0B257F55DE0D}
		{AF007CEF-19B7-426D-AE97-E7D99ECACBB9} = {4AC28EC2-FBCF-44CA-A922-0B257F55DE0D}
		{6A88BA5D-50C7-46F3-873B-07040BF16B57} = {4AC28EC2-FBCF-44CA-A922-0B257F55DE0D}
		{B10AC223-BB61-4229-A063-353AD5D7E3C6} = {4AC28EC2-FBCF-44CA-A922-0B257F55DE0D}
		{B379640E-9064-438D-8DA5-6F7B394C2C46} = {4AC28EC2-FBCF-44CA-A922-0B257F55DE0D}
		{B263C1E5-0184-4A1D-B438-8233559FD76B} = {4AC28EC2-FBCF-44CA-A922-0B257F55DE0D}
		{C5FDAD47-4449-42FC-904F-C7FEBD0F4DB7} = {4AC28EC2-FBCF-44CA-A922-0B257F55DE0D}
		{F7EC910E-17CE-4579-84C5-36D3777B3218} = {0355FEC8-17CF-44B4-9D24-685266A349FB}
		{D54A765E-4604-4C73-868B-0E0459B3A6B6} = {0355FEC8-17CF-44B4-9D24-685266A349FB}
		{186F667E-54E5-4B57-9998-21D74CB77C24} = {432208D4-54DF-453E-96AE-CB7721461030}
		{04B29D57-8004-45FF-8C41-C49E0F20707C} = {552DD8A7-2F3A-4D0F-B623-B7D832C6C62B}
		{16AC1EEC-D79C-49C1-9B85-728CF0079BED} = {552DD8A7-2F3A-4D0F-B623-B7D832C6C62B}
		{31FE1F5B-7CD8-48F1-9CE3-4E57A0066440} = {552DD8A7-2F3A-4D0F-B623-B7D832C6C62B}
	EndGlobalSection
EndGlobal
