
Microsoft Visual Studio Solution File, Format Version 12.00
# Visual Studio Version 16
VisualStudioVersion = 16.0.29006.145
MinimumVisualStudioVersion = 10.0.40219.1
Project("{2150E333-8FDC-42A3-9474-1A3956D46DE8}") = "Tests", "Tests", "{724F25F3-B47A-4A80-8F7A-08B2E8121D10}"
EndProject
Project("{2150E333-8FDC-42A3-9474-1A3956D46DE8}") = "Core", "Core", "{D8A3183C-1E9C-4D6C-AC72-4EF938EC9895}"
EndProject
Project("{2150E333-8FDC-42A3-9474-1A3956D46DE8}") = "DataProviders", "DataProviders", "{37B52FD3-E72B-406F-8C5A-F146256D7743}"
EndProject
Project("{2150E333-8FDC-42A3-9474-1A3956D46DE8}") = "Web", "Web", "{9D3D8728-C31B-4D5E-B471-79A9DBBA0E58}"
EndProject
Project("{9A19103F-16F7-4668-BE54-9A1E7A4F7556}") = "Microsoft.Restier.Core", "src\Microsoft.Restier.Core\Microsoft.Restier.Core.csproj", "{300B769A-3513-49D0-A035-7DB965C8D2A4}"
EndProject
Project("{9A19103F-16F7-4668-BE54-9A1E7A4F7556}") = "Microsoft.Restier.AspNetCore", "src\Microsoft.Restier.AspNetCore\Microsoft.Restier.AspNetCore.csproj", "{97E94F97-E73B-4074-8587-AE1B91B4D61E}"
EndProject
Project("{9A19103F-16F7-4668-BE54-9A1E7A4F7556}") = "Microsoft.Restier.AspNet", "src\Microsoft.Restier.AspNet\Microsoft.Restier.AspNet.csproj", "{8ECF4E97-1816-44AD-AD63-6ACF287ED520}"
EndProject
Project("{9A19103F-16F7-4668-BE54-9A1E7A4F7556}") = "Microsoft.Restier.EntityFramework", "src\Microsoft.Restier.EntityFramework\Microsoft.Restier.EntityFramework.csproj", "{0E373B2A-2ED2-4566-A275-6BE81CFFE00B}"
EndProject
Project("{9A19103F-16F7-4668-BE54-9A1E7A4F7556}") = "Microsoft.Restier.Tests.Core", "src\Microsoft.Restier.Tests.Core\Microsoft.Restier.Tests.Core.csproj", "{16DBAD48-C935-4BF1-BC4A-925031AEA0FA}"
EndProject
Project("{9A19103F-16F7-4668-BE54-9A1E7A4F7556}") = "Microsoft.Restier.Tests.EntityFramework", "src\Microsoft.Restier.Tests.EntityFramework\Microsoft.Restier.Tests.EntityFramework.csproj", "{EB7010EC-4AD2-4CEB-8757-46447FEC80C7}"
EndProject
Project("{9A19103F-16F7-4668-BE54-9A1E7A4F7556}") = "Microsoft.Restier.Tests.AspNet", "src\Microsoft.Restier.Tests.AspNet\Microsoft.Restier.Tests.AspNet.csproj", "{FD305A0A-5680-4C38-9917-84233F35DE3F}"
EndProject
Project("{9A19103F-16F7-4668-BE54-9A1E7A4F7556}") = "Microsoft.Restier.Tests.AspNetCore", "src\Microsoft.Restier.Tests.AspNetCore\Microsoft.Restier.Tests.AspNetCore.csproj", "{39D4AC9D-091B-437E-A616-3E9D77804BDB}"
EndProject
Project("{2150E333-8FDC-42A3-9474-1A3956D46DE8}") = "Solution Items", "Solution Items", "{901E6A2A-23EC-4BC8-B4C6-A3EF70D72702}"
	ProjectSection(SolutionItems) = preProject
		src\Directory.Build.props = src\Directory.Build.props
		Directory.Build.props = Directory.Build.props
		README.md = README.md
	EndProjectSection
EndProject
Project("{2150E333-8FDC-42A3-9474-1A3956D46DE8}") = "Samples", "Samples", "{DB42E0B8-C0C7-4DE4-9437-2B2A229B5F8F}"
EndProject
Project("{FAE04EC0-301F-11D3-BF4B-00C04F79EFBC}") = "Microsoft.Restier.Samples.Northwind.AspNet", "src\Microsoft.Restier.Samples.Northwind.AspNet\Microsoft.Restier.Samples.Northwind.AspNet.csproj", "{3EAB0AED-2BE2-4120-B26E-3401B86C4DC2}"
EndProject
Project("{9A19103F-16F7-4668-BE54-9A1E7A4F7556}") = "Microsoft.Restier.Tests.Shared", "src\Microsoft.Restier.Tests.Shared\Microsoft.Restier.Tests.Shared.csproj", "{B75D79EE-D5C0-4E1B-82CB-9505880A2730}"
EndProject
Project("{2150E333-8FDC-42A3-9474-1A3956D46DE8}") = "Product", "Product", "{76B4E51F-233E-4DD3-AABF-A6F47788040D}"
EndProject
Global
	GlobalSection(SolutionConfigurationPlatforms) = preSolution
		Debug|Any CPU = Debug|Any CPU
		Release|Any CPU = Release|Any CPU
	EndGlobalSection
	GlobalSection(ProjectConfigurationPlatforms) = postSolution
		{300B769A-3513-49D0-A035-7DB965C8D2A4}.Debug|Any CPU.ActiveCfg = Debug|Any CPU
		{300B769A-3513-49D0-A035-7DB965C8D2A4}.Debug|Any CPU.Build.0 = Debug|Any CPU
		{300B769A-3513-49D0-A035-7DB965C8D2A4}.Release|Any CPU.ActiveCfg = Release|Any CPU
		{300B769A-3513-49D0-A035-7DB965C8D2A4}.Release|Any CPU.Build.0 = Release|Any CPU
		{97E94F97-E73B-4074-8587-AE1B91B4D61E}.Debug|Any CPU.ActiveCfg = Debug|Any CPU
		{97E94F97-E73B-4074-8587-AE1B91B4D61E}.Debug|Any CPU.Build.0 = Debug|Any CPU
		{97E94F97-E73B-4074-8587-AE1B91B4D61E}.Release|Any CPU.ActiveCfg = Release|Any CPU
		{97E94F97-E73B-4074-8587-AE1B91B4D61E}.Release|Any CPU.Build.0 = Release|Any CPU
		{8ECF4E97-1816-44AD-AD63-6ACF287ED520}.Debug|Any CPU.ActiveCfg = Debug|Any CPU
		{8ECF4E97-1816-44AD-AD63-6ACF287ED520}.Debug|Any CPU.Build.0 = Debug|Any CPU
		{8ECF4E97-1816-44AD-AD63-6ACF287ED520}.Release|Any CPU.ActiveCfg = Release|Any CPU
		{8ECF4E97-1816-44AD-AD63-6ACF287ED520}.Release|Any CPU.Build.0 = Release|Any CPU
		{0E373B2A-2ED2-4566-A275-6BE81CFFE00B}.Debug|Any CPU.ActiveCfg = Debug|Any CPU
		{0E373B2A-2ED2-4566-A275-6BE81CFFE00B}.Debug|Any CPU.Build.0 = Debug|Any CPU
		{0E373B2A-2ED2-4566-A275-6BE81CFFE00B}.Release|Any CPU.ActiveCfg = Release|Any CPU
		{0E373B2A-2ED2-4566-A275-6BE81CFFE00B}.Release|Any CPU.Build.0 = Release|Any CPU
		{16DBAD48-C935-4BF1-BC4A-925031AEA0FA}.Debug|Any CPU.ActiveCfg = Debug|Any CPU
		{16DBAD48-C935-4BF1-BC4A-925031AEA0FA}.Debug|Any CPU.Build.0 = Debug|Any CPU
		{16DBAD48-C935-4BF1-BC4A-925031AEA0FA}.Release|Any CPU.ActiveCfg = Release|Any CPU
		{16DBAD48-C935-4BF1-BC4A-925031AEA0FA}.Release|Any CPU.Build.0 = Release|Any CPU
		{EB7010EC-4AD2-4CEB-8757-46447FEC80C7}.Debug|Any CPU.ActiveCfg = Debug|Any CPU
		{EB7010EC-4AD2-4CEB-8757-46447FEC80C7}.Debug|Any CPU.Build.0 = Debug|Any CPU
		{EB7010EC-4AD2-4CEB-8757-46447FEC80C7}.Release|Any CPU.ActiveCfg = Release|Any CPU
		{EB7010EC-4AD2-4CEB-8757-46447FEC80C7}.Release|Any CPU.Build.0 = Release|Any CPU
		{FD305A0A-5680-4C38-9917-84233F35DE3F}.Debug|Any CPU.ActiveCfg = Debug|Any CPU
		{FD305A0A-5680-4C38-9917-84233F35DE3F}.Debug|Any CPU.Build.0 = Debug|Any CPU
		{FD305A0A-5680-4C38-9917-84233F35DE3F}.Release|Any CPU.ActiveCfg = Release|Any CPU
		{FD305A0A-5680-4C38-9917-84233F35DE3F}.Release|Any CPU.Build.0 = Release|Any CPU
		{39D4AC9D-091B-437E-A616-3E9D77804BDB}.Debug|Any CPU.ActiveCfg = Debug|Any CPU
		{39D4AC9D-091B-437E-A616-3E9D77804BDB}.Debug|Any CPU.Build.0 = Debug|Any CPU
		{39D4AC9D-091B-437E-A616-3E9D77804BDB}.Release|Any CPU.ActiveCfg = Release|Any CPU
		{39D4AC9D-091B-437E-A616-3E9D77804BDB}.Release|Any CPU.Build.0 = Release|Any CPU
		{3EAB0AED-2BE2-4120-B26E-3401B86C4DC2}.Debug|Any CPU.ActiveCfg = Debug|Any CPU
		{3EAB0AED-2BE2-4120-B26E-3401B86C4DC2}.Release|Any CPU.ActiveCfg = Release|Any CPU
		{3EAB0AED-2BE2-4120-B26E-3401B86C4DC2}.Release|Any CPU.Build.0 = Release|Any CPU
		{B75D79EE-D5C0-4E1B-82CB-9505880A2730}.Debug|Any CPU.ActiveCfg = Debug|Any CPU
		{B75D79EE-D5C0-4E1B-82CB-9505880A2730}.Debug|Any CPU.Build.0 = Debug|Any CPU
		{B75D79EE-D5C0-4E1B-82CB-9505880A2730}.Release|Any CPU.ActiveCfg = Release|Any CPU
		{B75D79EE-D5C0-4E1B-82CB-9505880A2730}.Release|Any CPU.Build.0 = Release|Any CPU
	EndGlobalSection
	GlobalSection(SolutionProperties) = preSolution
		HideSolutionNode = FALSE
	EndGlobalSection
	GlobalSection(NestedProjects) = preSolution
		{D8A3183C-1E9C-4D6C-AC72-4EF938EC9895} = {76B4E51F-233E-4DD3-AABF-A6F47788040D}
		{37B52FD3-E72B-406F-8C5A-F146256D7743} = {76B4E51F-233E-4DD3-AABF-A6F47788040D}
		{9D3D8728-C31B-4D5E-B471-79A9DBBA0E58} = {76B4E51F-233E-4DD3-AABF-A6F47788040D}
		{300B769A-3513-49D0-A035-7DB965C8D2A4} = {D8A3183C-1E9C-4D6C-AC72-4EF938EC9895}
		{97E94F97-E73B-4074-8587-AE1B91B4D61E} = {9D3D8728-C31B-4D5E-B471-79A9DBBA0E58}
		{8ECF4E97-1816-44AD-AD63-6ACF287ED520} = {9D3D8728-C31B-4D5E-B471-79A9DBBA0E58}
		{0E373B2A-2ED2-4566-A275-6BE81CFFE00B} = {37B52FD3-E72B-406F-8C5A-F146256D7743}
		{16DBAD48-C935-4BF1-BC4A-925031AEA0FA} = {724F25F3-B47A-4A80-8F7A-08B2E8121D10}
		{EB7010EC-4AD2-4CEB-8757-46447FEC80C7} = {724F25F3-B47A-4A80-8F7A-08B2E8121D10}
		{FD305A0A-5680-4C38-9917-84233F35DE3F} = {724F25F3-B47A-4A80-8F7A-08B2E8121D10}
		{39D4AC9D-091B-437E-A616-3E9D77804BDB} = {724F25F3-B47A-4A80-8F7A-08B2E8121D10}
		{3EAB0AED-2BE2-4120-B26E-3401B86C4DC2} = {DB42E0B8-C0C7-4DE4-9437-2B2A229B5F8F}
		{B75D79EE-D5C0-4E1B-82CB-9505880A2730} = {724F25F3-B47A-4A80-8F7A-08B2E8121D10}
	EndGlobalSection
	GlobalSection(ExtensibilityGlobals) = postSolution
		SolutionGuid = {5A37189C-A5E1-4871-AF65-8EBF2DA60FE3}
	EndGlobalSection
EndGlobal
