
Microsoft Visual Studio Solution File, Format Version 12.00
# Visual Studio Version 17
VisualStudioVersion = 17.0.31423.177
MinimumVisualStudioVersion = 10.0.40219.1
Project("{2150E333-8FDC-42A3-9474-1A3956D46DE8}") = "Tests", "Tests", "{724F25F3-B47A-4A80-8F7A-08B2E8121D10}"
EndProject
Project("{2150E333-8FDC-42A3-9474-1A3956D46DE8}") = "Core", "Core", "{D8A3183C-1E9C-4D6C-AC72-4EF938EC9895}"
EndProject
Project("{2150E333-8FDC-42A3-9474-1A3956D46DE8}") = "DataProviders", "DataProviders", "{37B52FD3-E72B-406F-8C5A-F146256D7743}"
EndProject
Project("{2150E333-8FDC-42A3-9474-1A3956D46DE8}") = "Web", "Web", "{9D3D8728-C31B-4D5E-B471-79A9DBBA0E58}"
EndProject
Project("{9A19103F-16F7-4668-BE54-9A1E7A4F7556}") = "Microsoft.Restier.Core", "Microsoft.Restier.Core\Microsoft.Restier.Core.csproj", "{300B769A-3513-49D0-A035-7DB965C8D2A4}"
EndProject
Project("{9A19103F-16F7-4668-BE54-9A1E7A4F7556}") = "Microsoft.Restier.AspNet", "Microsoft.Restier.AspNet\Microsoft.Restier.AspNet.csproj", "{8ECF4E97-1816-44AD-AD63-6ACF287ED520}"
EndProject
Project("{9A19103F-16F7-4668-BE54-9A1E7A4F7556}") = "Microsoft.Restier.EntityFramework", "Microsoft.Restier.EntityFramework\Microsoft.Restier.EntityFramework.csproj", "{0E373B2A-2ED2-4566-A275-6BE81CFFE00B}"
EndProject
Project("{9A19103F-16F7-4668-BE54-9A1E7A4F7556}") = "Microsoft.Restier.Tests.Core", "Microsoft.Restier.Tests.Core\Microsoft.Restier.Tests.Core.csproj", "{16DBAD48-C935-4BF1-BC4A-925031AEA0FA}"
EndProject
Project("{9A19103F-16F7-4668-BE54-9A1E7A4F7556}") = "Microsoft.Restier.Tests.EntityFramework", "Microsoft.Restier.Tests.EntityFramework\Microsoft.Restier.Tests.EntityFramework.csproj", "{EB7010EC-4AD2-4CEB-8757-46447FEC80C7}"
EndProject
Project("{9A19103F-16F7-4668-BE54-9A1E7A4F7556}") = "Microsoft.Restier.Tests.AspNet", "Microsoft.Restier.Tests.AspNet\Microsoft.Restier.Tests.AspNet.csproj", "{FD305A0A-5680-4C38-9917-84233F35DE3F}"
EndProject
Project("{2150E333-8FDC-42A3-9474-1A3956D46DE8}") = "Solution Items", "Solution Items", "{901E6A2A-23EC-4BC8-B4C6-A3EF70D72702}"
	ProjectSection(SolutionItems) = preProject
		.editorconfig = .editorconfig
		Directory.Build.props = Directory.Build.props
		dotnet-logo.png = dotnet-logo.png
		global.json = global.json
		..\README.md = ..\README.md
	EndProjectSection
EndProject
Project("{2150E333-8FDC-42A3-9474-1A3956D46DE8}") = "Samples", "Samples", "{DB42E0B8-C0C7-4DE4-9437-2B2A229B5F8F}"
EndProject
Project("{FAE04EC0-301F-11D3-BF4B-00C04F79EFBC}") = "Microsoft.Restier.Samples.Northwind.AspNet", "Microsoft.Restier.Samples.Northwind.AspNet\Microsoft.Restier.Samples.Northwind.AspNet.csproj", "{3EAB0AED-2BE2-4120-B26E-3401B86C4DC2}"
EndProject
Project("{9A19103F-16F7-4668-BE54-9A1E7A4F7556}") = "Microsoft.Restier.Tests.Shared", "Microsoft.Restier.Tests.Shared\Microsoft.Restier.Tests.Shared.csproj", "{B75D79EE-D5C0-4E1B-82CB-9505880A2730}"
EndProject
Project("{2150E333-8FDC-42A3-9474-1A3956D46DE8}") = "Product", "Product", "{76B4E51F-233E-4DD3-AABF-A6F47788040D}"
EndProject
Project("{2150E333-8FDC-42A3-9474-1A3956D46DE8}") = "Templates", "Templates", "{AB77F48A-1156-4FF0-AA9B-62222E7EDC45}"
EndProject
Project("{2150E333-8FDC-42A3-9474-1A3956D46DE8}") = "Testing", "Testing", "{0FA372F6-955C-40CF-8DD5-46F6DC29EA49}"
EndProject
Project("{9A19103F-16F7-4668-BE54-9A1E7A4F7556}") = "Microsoft.Restier.Breakdance", "Microsoft.Restier.Breakdance\Microsoft.Restier.Breakdance.csproj", "{14E2BD0E-30C7-472E-9EFE-AA7A63505493}"
EndProject
Project("{9A19103F-16F7-4668-BE54-9A1E7A4F7556}") = "Microsoft.Restier.Tests.Legacy", "Microsoft.Restier.Tests.Legacy\Microsoft.Restier.Tests.Legacy.csproj", "{589F129E-4EF8-41D3-A07F-4D20714BF29F}"
EndProject
Project("{D954291E-2A0B-460D-934E-DC6B0785DB48}") = "Microsoft.Restier.EntityFramework.Shared", "Microsoft.Restier.EntityFramework.Shared\Microsoft.Restier.EntityFramework.Shared.shproj", "{83AD7AA8-9ED8-4B9F-966A-73CE9CAE51C6}"
EndProject
Project("{9A19103F-16F7-4668-BE54-9A1E7A4F7556}") = "Microsoft.Restier.EntityFrameworkCore", "Microsoft.Restier.EntityFrameworkCore\Microsoft.Restier.EntityFrameworkCore.csproj", "{99059346-006C-4F99-9C9B-52DBB8493E80}"
EndProject
Project("{D954291E-2A0B-460D-934E-DC6B0785DB48}") = "Microsoft.Restier.AspNet.Shared", "Microsoft.Restier.AspNet.Shared\Microsoft.Restier.AspNet.Shared.shproj", "{8F4E985B-F5C9-4A03-A1A4-4CB8494B8188}"
EndProject
Project("{9A19103F-16F7-4668-BE54-9A1E7A4F7556}") = "Microsoft.Restier.AspNetCore", "Microsoft.Restier.AspNetCore\Microsoft.Restier.AspNetCore.csproj", "{802C856E-1709-45B3-844B-F9C7996E6E52}"
EndProject
Project("{9A19103F-16F7-4668-BE54-9A1E7A4F7556}") = "Microsoft.Restier.Samples.Northwind.AspNetCore", "Microsoft.Restier.Samples.Northwind.AspNetCore\Microsoft.Restier.Samples.Northwind.AspNetCore.csproj", "{1ECDB4A3-3B37-458E-B1D1-DBED2BB4FF93}"
EndProject
Project("{9A19103F-16F7-4668-BE54-9A1E7A4F7556}") = "Microsoft.Restier.Tests.AspNetCore", "Microsoft.Restier.Tests.AspNetCore\Microsoft.Restier.Tests.AspNetCore.csproj", "{76913B40-7AD6-4781-9C6F-11E5C00C7842}"
EndProject
Project("{9A19103F-16F7-4668-BE54-9A1E7A4F7556}") = "Microsoft.Restier.Tests.Shared.EntityFramework", "Microsoft.Restier.Tests.Shared.EntityFramework\Microsoft.Restier.Tests.Shared.EntityFramework.csproj", "{32955242-D7DA-4D32-94AA-6B63AA04BE30}"
EndProject
Project("{2150E333-8FDC-42A3-9474-1A3956D46DE8}") = "Main", "Main", "{2BF9B9A4-E4EA-447D-9BAF-AF1A6840A24F}"
EndProject
Project("{2150E333-8FDC-42A3-9474-1A3956D46DE8}") = "Shared", "Shared", "{5DDE9DB9-8739-4178-9C7A-6026FB3F3814}"
EndProject
Project("{9A19103F-16F7-4668-BE54-9A1E7A4F7556}") = "Microsoft.Restier.Tests.Shared.EntityFrameworkCore", "Microsoft.Restier.Tests.Shared.EntityFrameworkCore\Microsoft.Restier.Tests.Shared.EntityFrameworkCore.csproj", "{6BAA65B7-79FD-4AFE-8EB8-F3A0CB3A7578}"
EndProject
Project("{9A19103F-16F7-4668-BE54-9A1E7A4F7556}") = "Microsoft.Restier.Tests.Breakdance", "Microsoft.Restier.Tests.Breakdance\Microsoft.Restier.Tests.Breakdance.csproj", "{4ED74763-33E0-432A-B009-1423F7FC03CF}"
EndProject
Project("{9A19103F-16F7-4668-BE54-9A1E7A4F7556}") = "Microsoft.Restier.Tests.AspNetCorePlusEF6", "Microsoft.Restier.Tests.AspNetCorePlusEF6\Microsoft.Restier.Tests.AspNetCorePlusEF6.csproj", "{42646361-1D62-4AB7-9735-009EB2DD0F38}"
EndProject
Project("{9A19103F-16F7-4668-BE54-9A1E7A4F7556}") = "Microsoft.Restier.Tests.EntityFrameworkCore", "Microsoft.Restier.Tests.EntityFrameworkCore\Microsoft.Restier.Tests.EntityFrameworkCore.csproj", "{2DB7E862-69AE-43E2-9EC4-C1491E8BA28F}"
EndProject
Project("{FAE04EC0-301F-11D3-BF4B-00C04F79EFBC}") = "Microsoft.Restier.AspNetCore.Swagger", "Microsoft.Restier.AspNetCore.Swagger\Microsoft.Restier.AspNetCore.Swagger.csproj", "{5E2A4379-EB39-4AED-9FBA-E216DD2B982F}"
EndProject
Project("{FAE04EC0-301F-11D3-BF4B-00C04F79EFBC}") = "Microsoft.Restier.Tests.AspNetCore.Swagger", "Microsoft.restier.Tests.AspNetCore.Swagger\Microsoft.Restier.Tests.AspNetCore.Swagger.csproj", "{DE19D3BE-7D76-4081-84EF-152E56B10535}"
EndProject
Global
	GlobalSection(SolutionConfigurationPlatforms) = preSolution
		Debug|Any CPU = Debug|Any CPU
		Release|Any CPU = Release|Any CPU
	EndGlobalSection
	GlobalSection(ProjectConfigurationPlatforms) = postSolution
		{300B769A-3513-49D0-A035-7DB965C8D2A4}.Debug|Any CPU.ActiveCfg = Debug|Any CPU
		{300B769A-3513-49D0-A035-7DB965C8D2A4}.Debug|Any CPU.Build.0 = Debug|Any CPU
		{300B769A-3513-49D0-A035-7DB965C8D2A4}.Release|Any CPU.ActiveCfg = Release|Any CPU
		{300B769A-3513-49D0-A035-7DB965C8D2A4}.Release|Any CPU.Build.0 = Release|Any CPU
		{8ECF4E97-1816-44AD-AD63-6ACF287ED520}.Debug|Any CPU.ActiveCfg = Debug|Any CPU
		{8ECF4E97-1816-44AD-AD63-6ACF287ED520}.Debug|Any CPU.Build.0 = Debug|Any CPU
		{8ECF4E97-1816-44AD-AD63-6ACF287ED520}.Release|Any CPU.ActiveCfg = Release|Any CPU
		{8ECF4E97-1816-44AD-AD63-6ACF287ED520}.Release|Any CPU.Build.0 = Release|Any CPU
		{0E373B2A-2ED2-4566-A275-6BE81CFFE00B}.Debug|Any CPU.ActiveCfg = Debug|Any CPU
		{0E373B2A-2ED2-4566-A275-6BE81CFFE00B}.Debug|Any CPU.Build.0 = Debug|Any CPU
		{0E373B2A-2ED2-4566-A275-6BE81CFFE00B}.Release|Any CPU.ActiveCfg = Release|Any CPU
		{0E373B2A-2ED2-4566-A275-6BE81CFFE00B}.Release|Any CPU.Build.0 = Release|Any CPU
		{16DBAD48-C935-4BF1-BC4A-925031AEA0FA}.Debug|Any CPU.ActiveCfg = Debug|Any CPU
		{16DBAD48-C935-4BF1-BC4A-925031AEA0FA}.Debug|Any CPU.Build.0 = Debug|Any CPU
		{16DBAD48-C935-4BF1-BC4A-925031AEA0FA}.Release|Any CPU.ActiveCfg = Release|Any CPU
		{16DBAD48-C935-4BF1-BC4A-925031AEA0FA}.Release|Any CPU.Build.0 = Release|Any CPU
		{EB7010EC-4AD2-4CEB-8757-46447FEC80C7}.Debug|Any CPU.ActiveCfg = Debug|Any CPU
		{EB7010EC-4AD2-4CEB-8757-46447FEC80C7}.Debug|Any CPU.Build.0 = Debug|Any CPU
		{EB7010EC-4AD2-4CEB-8757-46447FEC80C7}.Release|Any CPU.ActiveCfg = Release|Any CPU
		{EB7010EC-4AD2-4CEB-8757-46447FEC80C7}.Release|Any CPU.Build.0 = Release|Any CPU
		{FD305A0A-5680-4C38-9917-84233F35DE3F}.Debug|Any CPU.ActiveCfg = Debug|Any CPU
		{FD305A0A-5680-4C38-9917-84233F35DE3F}.Debug|Any CPU.Build.0 = Debug|Any CPU
		{FD305A0A-5680-4C38-9917-84233F35DE3F}.Release|Any CPU.ActiveCfg = Release|Any CPU
		{FD305A0A-5680-4C38-9917-84233F35DE3F}.Release|Any CPU.Build.0 = Release|Any CPU
		{3EAB0AED-2BE2-4120-B26E-3401B86C4DC2}.Debug|Any CPU.ActiveCfg = Debug|Any CPU
		{3EAB0AED-2BE2-4120-B26E-3401B86C4DC2}.Debug|Any CPU.Build.0 = Debug|Any CPU
		{3EAB0AED-2BE2-4120-B26E-3401B86C4DC2}.Release|Any CPU.ActiveCfg = Release|Any CPU
		{3EAB0AED-2BE2-4120-B26E-3401B86C4DC2}.Release|Any CPU.Build.0 = Release|Any CPU
		{B75D79EE-D5C0-4E1B-82CB-9505880A2730}.Debug|Any CPU.ActiveCfg = Debug|Any CPU
		{B75D79EE-D5C0-4E1B-82CB-9505880A2730}.Debug|Any CPU.Build.0 = Debug|Any CPU
		{B75D79EE-D5C0-4E1B-82CB-9505880A2730}.Release|Any CPU.ActiveCfg = Release|Any CPU
		{B75D79EE-D5C0-4E1B-82CB-9505880A2730}.Release|Any CPU.Build.0 = Release|Any CPU
		{14E2BD0E-30C7-472E-9EFE-AA7A63505493}.Debug|Any CPU.ActiveCfg = Debug|Any CPU
		{14E2BD0E-30C7-472E-9EFE-AA7A63505493}.Debug|Any CPU.Build.0 = Debug|Any CPU
		{14E2BD0E-30C7-472E-9EFE-AA7A63505493}.Release|Any CPU.ActiveCfg = Release|Any CPU
		{14E2BD0E-30C7-472E-9EFE-AA7A63505493}.Release|Any CPU.Build.0 = Release|Any CPU
		{589F129E-4EF8-41D3-A07F-4D20714BF29F}.Debug|Any CPU.ActiveCfg = Debug|Any CPU
		{589F129E-4EF8-41D3-A07F-4D20714BF29F}.Debug|Any CPU.Build.0 = Debug|Any CPU
		{589F129E-4EF8-41D3-A07F-4D20714BF29F}.Release|Any CPU.ActiveCfg = Release|Any CPU
		{589F129E-4EF8-41D3-A07F-4D20714BF29F}.Release|Any CPU.Build.0 = Release|Any CPU
		{99059346-006C-4F99-9C9B-52DBB8493E80}.Debug|Any CPU.ActiveCfg = Debug|Any CPU
		{99059346-006C-4F99-9C9B-52DBB8493E80}.Debug|Any CPU.Build.0 = Debug|Any CPU
		{99059346-006C-4F99-9C9B-52DBB8493E80}.Release|Any CPU.ActiveCfg = Release|Any CPU
		{99059346-006C-4F99-9C9B-52DBB8493E80}.Release|Any CPU.Build.0 = Release|Any CPU
		{802C856E-1709-45B3-844B-F9C7996E6E52}.Debug|Any CPU.ActiveCfg = Debug|Any CPU
		{802C856E-1709-45B3-844B-F9C7996E6E52}.Debug|Any CPU.Build.0 = Debug|Any CPU
		{802C856E-1709-45B3-844B-F9C7996E6E52}.Release|Any CPU.ActiveCfg = Release|Any CPU
		{802C856E-1709-45B3-844B-F9C7996E6E52}.Release|Any CPU.Build.0 = Release|Any CPU
		{1ECDB4A3-3B37-458E-B1D1-DBED2BB4FF93}.Debug|Any CPU.ActiveCfg = Debug|Any CPU
		{1ECDB4A3-3B37-458E-B1D1-DBED2BB4FF93}.Debug|Any CPU.Build.0 = Debug|Any CPU
		{1ECDB4A3-3B37-458E-B1D1-DBED2BB4FF93}.Release|Any CPU.ActiveCfg = Release|Any CPU
		{1ECDB4A3-3B37-458E-B1D1-DBED2BB4FF93}.Release|Any CPU.Build.0 = Release|Any CPU
		{76913B40-7AD6-4781-9C6F-11E5C00C7842}.Debug|Any CPU.ActiveCfg = Debug|Any CPU
		{76913B40-7AD6-4781-9C6F-11E5C00C7842}.Debug|Any CPU.Build.0 = Debug|Any CPU
		{76913B40-7AD6-4781-9C6F-11E5C00C7842}.Release|Any CPU.ActiveCfg = Release|Any CPU
		{76913B40-7AD6-4781-9C6F-11E5C00C7842}.Release|Any CPU.Build.0 = Release|Any CPU
		{32955242-D7DA-4D32-94AA-6B63AA04BE30}.Debug|Any CPU.ActiveCfg = Debug|Any CPU
		{32955242-D7DA-4D32-94AA-6B63AA04BE30}.Debug|Any CPU.Build.0 = Debug|Any CPU
		{32955242-D7DA-4D32-94AA-6B63AA04BE30}.Release|Any CPU.ActiveCfg = Release|Any CPU
		{32955242-D7DA-4D32-94AA-6B63AA04BE30}.Release|Any CPU.Build.0 = Release|Any CPU
		{6BAA65B7-79FD-4AFE-8EB8-F3A0CB3A7578}.Debug|Any CPU.ActiveCfg = Debug|Any CPU
		{6BAA65B7-79FD-4AFE-8EB8-F3A0CB3A7578}.Debug|Any CPU.Build.0 = Debug|Any CPU
		{6BAA65B7-79FD-4AFE-8EB8-F3A0CB3A7578}.Release|Any CPU.ActiveCfg = Release|Any CPU
		{6BAA65B7-79FD-4AFE-8EB8-F3A0CB3A7578}.Release|Any CPU.Build.0 = Release|Any CPU
		{4ED74763-33E0-432A-B009-1423F7FC03CF}.Debug|Any CPU.ActiveCfg = Debug|Any CPU
		{4ED74763-33E0-432A-B009-1423F7FC03CF}.Debug|Any CPU.Build.0 = Debug|Any CPU
		{4ED74763-33E0-432A-B009-1423F7FC03CF}.Release|Any CPU.ActiveCfg = Release|Any CPU
		{4ED74763-33E0-432A-B009-1423F7FC03CF}.Release|Any CPU.Build.0 = Release|Any CPU
		{42646361-1D62-4AB7-9735-009EB2DD0F38}.Debug|Any CPU.ActiveCfg = Debug|Any CPU
		{42646361-1D62-4AB7-9735-009EB2DD0F38}.Debug|Any CPU.Build.0 = Debug|Any CPU
		{42646361-1D62-4AB7-9735-009EB2DD0F38}.Release|Any CPU.ActiveCfg = Release|Any CPU
		{42646361-1D62-4AB7-9735-009EB2DD0F38}.Release|Any CPU.Build.0 = Release|Any CPU
		{2DB7E862-69AE-43E2-9EC4-C1491E8BA28F}.Debug|Any CPU.ActiveCfg = Debug|Any CPU
		{2DB7E862-69AE-43E2-9EC4-C1491E8BA28F}.Debug|Any CPU.Build.0 = Debug|Any CPU
		{2DB7E862-69AE-43E2-9EC4-C1491E8BA28F}.Release|Any CPU.ActiveCfg = Release|Any CPU
		{2DB7E862-69AE-43E2-9EC4-C1491E8BA28F}.Release|Any CPU.Build.0 = Release|Any CPU
		{5E2A4379-EB39-4AED-9FBA-E216DD2B982F}.Debug|Any CPU.ActiveCfg = Debug|Any CPU
		{5E2A4379-EB39-4AED-9FBA-E216DD2B982F}.Debug|Any CPU.Build.0 = Debug|Any CPU
		{5E2A4379-EB39-4AED-9FBA-E216DD2B982F}.Release|Any CPU.ActiveCfg = Release|Any CPU
		{5E2A4379-EB39-4AED-9FBA-E216DD2B982F}.Release|Any CPU.Build.0 = Release|Any CPU
		{DE19D3BE-7D76-4081-84EF-152E56B10535}.Debug|Any CPU.ActiveCfg = Debug|Any CPU
		{DE19D3BE-7D76-4081-84EF-152E56B10535}.Debug|Any CPU.Build.0 = Debug|Any CPU
		{DE19D3BE-7D76-4081-84EF-152E56B10535}.Release|Any CPU.ActiveCfg = Release|Any CPU
		{DE19D3BE-7D76-4081-84EF-152E56B10535}.Release|Any CPU.Build.0 = Release|Any CPU
	EndGlobalSection
	GlobalSection(SolutionProperties) = preSolution
		HideSolutionNode = FALSE
	EndGlobalSection
	GlobalSection(NestedProjects) = preSolution
		{D8A3183C-1E9C-4D6C-AC72-4EF938EC9895} = {76B4E51F-233E-4DD3-AABF-A6F47788040D}
		{37B52FD3-E72B-406F-8C5A-F146256D7743} = {76B4E51F-233E-4DD3-AABF-A6F47788040D}
		{9D3D8728-C31B-4D5E-B471-79A9DBBA0E58} = {76B4E51F-233E-4DD3-AABF-A6F47788040D}
		{300B769A-3513-49D0-A035-7DB965C8D2A4} = {D8A3183C-1E9C-4D6C-AC72-4EF938EC9895}
		{8ECF4E97-1816-44AD-AD63-6ACF287ED520} = {9D3D8728-C31B-4D5E-B471-79A9DBBA0E58}
		{0E373B2A-2ED2-4566-A275-6BE81CFFE00B} = {37B52FD3-E72B-406F-8C5A-F146256D7743}
		{16DBAD48-C935-4BF1-BC4A-925031AEA0FA} = {2BF9B9A4-E4EA-447D-9BAF-AF1A6840A24F}
		{EB7010EC-4AD2-4CEB-8757-46447FEC80C7} = {2BF9B9A4-E4EA-447D-9BAF-AF1A6840A24F}
		{FD305A0A-5680-4C38-9917-84233F35DE3F} = {2BF9B9A4-E4EA-447D-9BAF-AF1A6840A24F}
		{3EAB0AED-2BE2-4120-B26E-3401B86C4DC2} = {DB42E0B8-C0C7-4DE4-9437-2B2A229B5F8F}
		{B75D79EE-D5C0-4E1B-82CB-9505880A2730} = {5DDE9DB9-8739-4178-9C7A-6026FB3F3814}
		{0FA372F6-955C-40CF-8DD5-46F6DC29EA49} = {76B4E51F-233E-4DD3-AABF-A6F47788040D}
		{14E2BD0E-30C7-472E-9EFE-AA7A63505493} = {0FA372F6-955C-40CF-8DD5-46F6DC29EA49}
		{589F129E-4EF8-41D3-A07F-4D20714BF29F} = {2BF9B9A4-E4EA-447D-9BAF-AF1A6840A24F}
		{83AD7AA8-9ED8-4B9F-966A-73CE9CAE51C6} = {37B52FD3-E72B-406F-8C5A-F146256D7743}
		{99059346-006C-4F99-9C9B-52DBB8493E80} = {37B52FD3-E72B-406F-8C5A-F146256D7743}
		{8F4E985B-F5C9-4A03-A1A4-4CB8494B8188} = {9D3D8728-C31B-4D5E-B471-79A9DBBA0E58}
		{802C856E-1709-45B3-844B-F9C7996E6E52} = {9D3D8728-C31B-4D5E-B471-79A9DBBA0E58}
		{1ECDB4A3-3B37-458E-B1D1-DBED2BB4FF93} = {DB42E0B8-C0C7-4DE4-9437-2B2A229B5F8F}
		{76913B40-7AD6-4781-9C6F-11E5C00C7842} = {2BF9B9A4-E4EA-447D-9BAF-AF1A6840A24F}
		{32955242-D7DA-4D32-94AA-6B63AA04BE30} = {5DDE9DB9-8739-4178-9C7A-6026FB3F3814}
		{2BF9B9A4-E4EA-447D-9BAF-AF1A6840A24F} = {724F25F3-B47A-4A80-8F7A-08B2E8121D10}
		{5DDE9DB9-8739-4178-9C7A-6026FB3F3814} = {724F25F3-B47A-4A80-8F7A-08B2E8121D10}
		{6BAA65B7-79FD-4AFE-8EB8-F3A0CB3A7578} = {5DDE9DB9-8739-4178-9C7A-6026FB3F3814}
		{4ED74763-33E0-432A-B009-1423F7FC03CF} = {2BF9B9A4-E4EA-447D-9BAF-AF1A6840A24F}
		{42646361-1D62-4AB7-9735-009EB2DD0F38} = {2BF9B9A4-E4EA-447D-9BAF-AF1A6840A24F}
		{2DB7E862-69AE-43E2-9EC4-C1491E8BA28F} = {2BF9B9A4-E4EA-447D-9BAF-AF1A6840A24F}
		{5E2A4379-EB39-4AED-9FBA-E216DD2B982F} = {9D3D8728-C31B-4D5E-B471-79A9DBBA0E58}
		{DE19D3BE-7D76-4081-84EF-152E56B10535} = {2BF9B9A4-E4EA-447D-9BAF-AF1A6840A24F}
	EndGlobalSection
	GlobalSection(ExtensibilityGlobals) = postSolution
		SolutionGuid = {5A37189C-A5E1-4871-AF65-8EBF2DA60FE3}
	EndGlobalSection
	GlobalSection(SharedMSBuildProjectFiles) = preSolution
		Microsoft.Restier.EntityFramework.Shared\Microsoft.Restier.EntityFramework.Shared.projitems*{0e373b2a-2ed2-4566-a275-6be81cffe00b}*SharedItemsImports = 5
		Microsoft.Restier.AspNet.Shared\Microsoft.Restier.AspNet.Shared.projitems*{802c856e-1709-45b3-844b-f9c7996e6e52}*SharedItemsImports = 5
		Microsoft.Restier.EntityFramework.Shared\Microsoft.Restier.EntityFramework.Shared.projitems*{83ad7aa8-9ed8-4b9f-966a-73ce9cae51c6}*SharedItemsImports = 13
		Microsoft.Restier.AspNet.Shared\Microsoft.Restier.AspNet.Shared.projitems*{8ecf4e97-1816-44ad-ad63-6acf287ed520}*SharedItemsImports = 5
		Microsoft.Restier.AspNet.Shared\Microsoft.Restier.AspNet.Shared.projitems*{8f4e985b-f5c9-4a03-a1a4-4cb8494b8188}*SharedItemsImports = 13
		Microsoft.Restier.EntityFramework.Shared\Microsoft.Restier.EntityFramework.Shared.projitems*{99059346-006c-4f99-9c9b-52dbb8493e80}*SharedItemsImports = 5
	EndGlobalSection
EndGlobal
